
Microsoft Visual Studio Solution File, Format Version 12.00
# Visual Studio Version 17
VisualStudioVersion = 17.10.34928.147
MinimumVisualStudioVersion = 10.0.40219.1
Project("{FAE04EC0-301F-11D3-BF4B-00C04F79EFBC}") = "WebCallSystem", "WebCallSystem\WebCallSystem.csproj", "{E48AD0C8-AD26-43B4-A1A3-E829882D5A47}"
EndProject
Global
	GlobalSection(SolutionConfigurationPlatforms) = preSolution
		Debug|Any CPU = Debug|Any CPU
		Release|Any CPU = Release|Any CPU
	EndGlobalSection
	GlobalSection(ProjectConfigurationPlatforms) = postSolution
		{E48AD0C8-AD26-43B4-A1A3-E829882D5A47}.Debug|Any CPU.ActiveCfg = Debug|Any CPU
		{E48AD0C8-AD26-43B4-A1A3-E829882D5A47}.Debug|Any CPU.Build.0 = Debug|Any CPU
		{E48AD0C8-AD26-43B4-A1A3-E829882D5A47}.Release|Any CPU.ActiveCfg = Release|Any CPU
		{E48AD0C8-AD26-43B4-A1A3-E829882D5A47}.Release|Any CPU.Build.0 = Release|Any CPU
	EndGlobalSection
	GlobalSection(SolutionProperties) = preSolution
		HideSolutionNode = FALSE
	EndGlobalSection
	GlobalSection(ExtensibilityGlobals) = postSolution
		SolutionGuid = {338C435F-1577-45FB-AC16-49820FB0D55B}
	EndGlobalSection
EndGlobal
